// !$*UTF8*$!
{
	archiveVersion = 1;
	classes = {
	};
	objectVersion = 77;
	objects = {

/* Begin PBXBuildFile section */
		134E4AE62CEA0EC10001D32B /* RxCocoa in Frameworks */ = {isa = PBXBuildFile; productRef = 134E4AE52CEA0EC10001D32B /* RxCocoa */; };
		134E4AE82CEA0EC10001D32B /* RxSwift in Frameworks */ = {isa = PBXBuildFile; productRef = 134E4AE72CEA0EC10001D32B /* RxSwift */; };
		134E4B1C2CEA52F90001D32B /* Localizable.strings in Resources */ = {isa = PBXBuildFile; fileRef = 134E4B1A2CEA52F90001D32B /* Localizable.strings */; };
		13DA9D382CE8DD48002FB65F /* SDWebImage in Frameworks */ = {isa = PBXBuildFile; productRef = 13DA9D372CE8DD48002FB65F /* SDWebImage */; };
/* End PBXBuildFile section */

/* Begin PBXContainerItemProxy section */
		13D7499B2CF6503B0061EB18 /* PBXContainerItemProxy */ = {
			isa = PBXContainerItemProxy;
			containerPortal = 13E6C08B2CE3DE4500D758F5 /* Project object */;
			proxyType = 1;
			remoteGlobalIDString = 13E6C0922CE3DE4500D758F5;
			remoteInfo = KitapKosesi;
		};
		13D749AA2CF650600061EB18 /* PBXContainerItemProxy */ = {
			isa = PBXContainerItemProxy;
			containerPortal = 13E6C08B2CE3DE4500D758F5 /* Project object */;
			proxyType = 1;
			remoteGlobalIDString = 13E6C0922CE3DE4500D758F5;
			remoteInfo = KitapKosesi;
		};
/* End PBXContainerItemProxy section */

/* Begin PBXFileReference section */
		134E4B1B2CEA52F90001D32B /* en */ = {isa = PBXFileReference; lastKnownFileType = text.plist.strings; name = en; path = en.lproj/Localizable.strings; sourceTree = "<group>"; };
		134E4B232CEA54690001D32B /* tr */ = {isa = PBXFileReference; lastKnownFileType = text.plist.strings; name = tr; path = tr.lproj/Localizable.strings; sourceTree = "<group>"; };
		13D749972CF6503B0061EB18 /* KitapKosesiTests.xctest */ = {isa = PBXFileReference; explicitFileType = wrapper.cfbundle; includeInIndex = 0; path = KitapKosesiTests.xctest; sourceTree = BUILT_PRODUCTS_DIR; };
		13D749A42CF650600061EB18 /* KitapKosesiUITests.xctest */ = {isa = PBXFileReference; explicitFileType = wrapper.cfbundle; includeInIndex = 0; path = KitapKosesiUITests.xctest; sourceTree = BUILT_PRODUCTS_DIR; };
		13E6C0932CE3DE4500D758F5 /* KitapKosesi.app */ = {isa = PBXFileReference; explicitFileType = wrapper.application; includeInIndex = 0; path = KitapKosesi.app; sourceTree = BUILT_PRODUCTS_DIR; };
/* End PBXFileReference section */

/* Begin PBXFileSystemSynchronizedBuildFileExceptionSet section */
		13E6C0A82CE3DE4700D758F5 /* Exceptions for "KitapKosesi" folder in "KitapKosesi" target */ = {
			isa = PBXFileSystemSynchronizedBuildFileExceptionSet;
			membershipExceptions = (
				Info.plist,
			);
			target = 13E6C0922CE3DE4500D758F5 /* KitapKosesi */;
		};
/* End PBXFileSystemSynchronizedBuildFileExceptionSet section */

/* Begin PBXFileSystemSynchronizedRootGroup section */
		13CF69BC2CEA7E72009D5815 /* ExampleAssets */ = {
			isa = PBXFileSystemSynchronizedRootGroup;
			path = ExampleAssets;
			sourceTree = "<group>";
		};
		13D749982CF6503B0061EB18 /* KitapKosesiTests */ = {
			isa = PBXFileSystemSynchronizedRootGroup;
			path = KitapKosesiTests;
			sourceTree = "<group>";
		};
		13D749A52CF650600061EB18 /* KitapKosesiUITests */ = {
			isa = PBXFileSystemSynchronizedRootGroup;
			path = KitapKosesiUITests;
			sourceTree = "<group>";
		};
		13E6C0952CE3DE4500D758F5 /* KitapKosesi */ = {
			isa = PBXFileSystemSynchronizedRootGroup;
			exceptions = (
				13E6C0A82CE3DE4700D758F5 /* Exceptions for "KitapKosesi" folder in "KitapKosesi" target */,
			);
			path = KitapKosesi;
			sourceTree = "<group>";
		};
/* End PBXFileSystemSynchronizedRootGroup section */

/* Begin PBXFrameworksBuildPhase section */
		13D749942CF6503B0061EB18 /* Frameworks */ = {
			isa = PBXFrameworksBuildPhase;
			buildActionMask = 2147483647;
			files = (
			);
			runOnlyForDeploymentPostprocessing = 0;
		};
		13D749A12CF650600061EB18 /* Frameworks */ = {
			isa = PBXFrameworksBuildPhase;
			buildActionMask = 2147483647;
			files = (
			);
			runOnlyForDeploymentPostprocessing = 0;
		};
		13E6C0902CE3DE4500D758F5 /* Frameworks */ = {
			isa = PBXFrameworksBuildPhase;
			buildActionMask = 2147483647;
			files = (
				134E4AE82CEA0EC10001D32B /* RxSwift in Frameworks */,
				134E4AE62CEA0EC10001D32B /* RxCocoa in Frameworks */,
				13DA9D382CE8DD48002FB65F /* SDWebImage in Frameworks */,
			);
			runOnlyForDeploymentPostprocessing = 0;
		};
/* End PBXFrameworksBuildPhase section */

/* Begin PBXGroup section */
		13E6C08A2CE3DE4500D758F5 = {
			isa = PBXGroup;
			children = (
				13CF69BC2CEA7E72009D5815 /* ExampleAssets */,
				134E4B1A2CEA52F90001D32B /* Localizable.strings */,
				13E6C0952CE3DE4500D758F5 /* KitapKosesi */,
				13D749982CF6503B0061EB18 /* KitapKosesiTests */,
				13D749A52CF650600061EB18 /* KitapKosesiUITests */,
				13E6C0942CE3DE4500D758F5 /* Products */,
			);
			sourceTree = "<group>";
		};
		13E6C0942CE3DE4500D758F5 /* Products */ = {
			isa = PBXGroup;
			children = (
				13E6C0932CE3DE4500D758F5 /* KitapKosesi.app */,
				13D749972CF6503B0061EB18 /* KitapKosesiTests.xctest */,
				13D749A42CF650600061EB18 /* KitapKosesiUITests.xctest */,
			);
			name = Products;
			sourceTree = "<group>";
		};
/* End PBXGroup section */

/* Begin PBXNativeTarget section */
		13D749962CF6503B0061EB18 /* KitapKosesiTests */ = {
			isa = PBXNativeTarget;
			buildConfigurationList = 13D7499F2CF6503B0061EB18 /* Build configuration list for PBXNativeTarget "KitapKosesiTests" */;
			buildPhases = (
				13D749932CF6503B0061EB18 /* Sources */,
				13D749942CF6503B0061EB18 /* Frameworks */,
				13D749952CF6503B0061EB18 /* Resources */,
			);
			buildRules = (
			);
			dependencies = (
				13D7499C2CF6503B0061EB18 /* PBXTargetDependency */,
			);
			fileSystemSynchronizedGroups = (
				13D749982CF6503B0061EB18 /* KitapKosesiTests */,
			);
			name = KitapKosesiTests;
			packageProductDependencies = (
			);
			productName = KitapKosesiTests;
			productReference = 13D749972CF6503B0061EB18 /* KitapKosesiTests.xctest */;
			productType = "com.apple.product-type.bundle.unit-test";
		};
		13D749A32CF650600061EB18 /* KitapKosesiUITests */ = {
			isa = PBXNativeTarget;
			buildConfigurationList = 13D749AC2CF650600061EB18 /* Build configuration list for PBXNativeTarget "KitapKosesiUITests" */;
			buildPhases = (
				13D749A02CF650600061EB18 /* Sources */,
				13D749A12CF650600061EB18 /* Frameworks */,
				13D749A22CF650600061EB18 /* Resources */,
			);
			buildRules = (
			);
			dependencies = (
				13D749AB2CF650600061EB18 /* PBXTargetDependency */,
			);
			fileSystemSynchronizedGroups = (
				13D749A52CF650600061EB18 /* KitapKosesiUITests */,
			);
			name = KitapKosesiUITests;
			packageProductDependencies = (
			);
			productName = KitapKosesiUITests;
			productReference = 13D749A42CF650600061EB18 /* KitapKosesiUITests.xctest */;
			productType = "com.apple.product-type.bundle.ui-testing";
		};
		13E6C0922CE3DE4500D758F5 /* KitapKosesi */ = {
			isa = PBXNativeTarget;
			buildConfigurationList = 13E6C0A92CE3DE4700D758F5 /* Build configuration list for PBXNativeTarget "KitapKosesi" */;
			buildPhases = (
				13E6C08F2CE3DE4500D758F5 /* Sources */,
				13E6C0902CE3DE4500D758F5 /* Frameworks */,
				13E6C0912CE3DE4500D758F5 /* Resources */,
			);
			buildRules = (
			);
			dependencies = (
			);
			fileSystemSynchronizedGroups = (
				13CF69BC2CEA7E72009D5815 /* ExampleAssets */,
				13E6C0952CE3DE4500D758F5 /* KitapKosesi */,
			);
			name = KitapKosesi;
			packageProductDependencies = (
				13DA9D372CE8DD48002FB65F /* SDWebImage */,
				134E4AE52CEA0EC10001D32B /* RxCocoa */,
				134E4AE72CEA0EC10001D32B /* RxSwift */,
			);
			productName = KitapKosesi;
			productReference = 13E6C0932CE3DE4500D758F5 /* KitapKosesi.app */;
			productType = "com.apple.product-type.application";
		};
/* End PBXNativeTarget section */

/* Begin PBXProject section */
		13E6C08B2CE3DE4500D758F5 /* Project object */ = {
			isa = PBXProject;
			attributes = {
				BuildIndependentTargetsInParallel = 1;
				LastSwiftUpdateCheck = 1600;
				LastUpgradeCheck = 1600;
				TargetAttributes = {
					13D749962CF6503B0061EB18 = {
						CreatedOnToolsVersion = 16.0;
						TestTargetID = 13E6C0922CE3DE4500D758F5;
					};
					13D749A32CF650600061EB18 = {
						CreatedOnToolsVersion = 16.0;
						TestTargetID = 13E6C0922CE3DE4500D758F5;
					};
					13E6C0922CE3DE4500D758F5 = {
						CreatedOnToolsVersion = 16.0;
					};
				};
			};
			buildConfigurationList = 13E6C08E2CE3DE4500D758F5 /* Build configuration list for PBXProject "KitapKosesi" */;
			developmentRegion = en;
			hasScannedForEncodings = 0;
			knownRegions = (
				en,
				Base,
				tr,
			);
			mainGroup = 13E6C08A2CE3DE4500D758F5;
			minimizedProjectReferenceProxies = 1;
			packageReferences = (
				13DA9D362CE8DD48002FB65F /* XCRemoteSwiftPackageReference "SDWebImage" */,
				134E4AE42CEA0EC10001D32B /* XCRemoteSwiftPackageReference "RxSwift" */,
			);
			preferredProjectObjectVersion = 77;
			productRefGroup = 13E6C0942CE3DE4500D758F5 /* Products */;
			projectDirPath = "";
			projectRoot = "";
			targets = (
				13E6C0922CE3DE4500D758F5 /* KitapKosesi */,
				13D749962CF6503B0061EB18 /* KitapKosesiTests */,
				13D749A32CF650600061EB18 /* KitapKosesiUITests */,
			);
		};
/* End PBXProject section */

/* Begin PBXResourcesBuildPhase section */
		13D749952CF6503B0061EB18 /* Resources */ = {
			isa = PBXResourcesBuildPhase;
			buildActionMask = 2147483647;
			files = (
			);
			runOnlyForDeploymentPostprocessing = 0;
		};
		13D749A22CF650600061EB18 /* Resources */ = {
			isa = PBXResourcesBuildPhase;
			buildActionMask = 2147483647;
			files = (
			);
			runOnlyForDeploymentPostprocessing = 0;
		};
		13E6C0912CE3DE4500D758F5 /* Resources */ = {
			isa = PBXResourcesBuildPhase;
			buildActionMask = 2147483647;
			files = (
				134E4B1C2CEA52F90001D32B /* Localizable.strings in Resources */,
			);
			runOnlyForDeploymentPostprocessing = 0;
		};
/* End PBXResourcesBuildPhase section */

/* Begin PBXSourcesBuildPhase section */
		13D749932CF6503B0061EB18 /* Sources */ = {
			isa = PBXSourcesBuildPhase;
			buildActionMask = 2147483647;
			files = (
			);
			runOnlyForDeploymentPostprocessing = 0;
		};
		13D749A02CF650600061EB18 /* Sources */ = {
			isa = PBXSourcesBuildPhase;
			buildActionMask = 2147483647;
			files = (
			);
			runOnlyForDeploymentPostprocessing = 0;
		};
		13E6C08F2CE3DE4500D758F5 /* Sources */ = {
			isa = PBXSourcesBuildPhase;
			buildActionMask = 2147483647;
			files = (
			);
			runOnlyForDeploymentPostprocessing = 0;
		};
/* End PBXSourcesBuildPhase section */

/* Begin PBXTargetDependency section */
		13D7499C2CF6503B0061EB18 /* PBXTargetDependency */ = {
			isa = PBXTargetDependency;
			target = 13E6C0922CE3DE4500D758F5 /* KitapKosesi */;
			targetProxy = 13D7499B2CF6503B0061EB18 /* PBXContainerItemProxy */;
		};
		13D749AB2CF650600061EB18 /* PBXTargetDependency */ = {
			isa = PBXTargetDependency;
			target = 13E6C0922CE3DE4500D758F5 /* KitapKosesi */;
			targetProxy = 13D749AA2CF650600061EB18 /* PBXContainerItemProxy */;
		};
/* End PBXTargetDependency section */

/* Begin PBXVariantGroup section */
		134E4B1A2CEA52F90001D32B /* Localizable.strings */ = {
			isa = PBXVariantGroup;
			children = (
				134E4B1B2CEA52F90001D32B /* en */,
				134E4B232CEA54690001D32B /* tr */,
			);
			name = Localizable.strings;
			sourceTree = "<group>";
		};
/* End PBXVariantGroup section */

/* Begin XCBuildConfiguration section */
		13D7499D2CF6503B0061EB18 /* Debug */ = {
			isa = XCBuildConfiguration;
			buildSettings = {
				BUNDLE_LOADER = "$(TEST_HOST)";
				CODE_SIGN_STYLE = Automatic;
				CURRENT_PROJECT_VERSION = 1;
				DEVELOPMENT_TEAM = 9Y73787R68;
				GENERATE_INFOPLIST_FILE = YES;
				MARKETING_VERSION = 1.0;
				PRODUCT_BUNDLE_IDENTIFIER = com.kadirgorgun.KitapKosesiTests;
				PRODUCT_NAME = "$(TARGET_NAME)";
				SWIFT_EMIT_LOC_STRINGS = NO;
				SWIFT_VERSION = 5.0;
				TARGETED_DEVICE_FAMILY = "1,2";
				TEST_HOST = "$(BUILT_PRODUCTS_DIR)/KitapKosesi.app/$(BUNDLE_EXECUTABLE_FOLDER_PATH)/KitapKosesi";
			};
			name = Debug;
		};
		13D7499E2CF6503B0061EB18 /* Release */ = {
			isa = XCBuildConfiguration;
			buildSettings = {
				BUNDLE_LOADER = "$(TEST_HOST)";
				CODE_SIGN_STYLE = Automatic;
				CURRENT_PROJECT_VERSION = 1;
				DEVELOPMENT_TEAM = 9Y73787R68;
				GENERATE_INFOPLIST_FILE = YES;
				MARKETING_VERSION = 1.0;
				PRODUCT_BUNDLE_IDENTIFIER = com.kadirgorgun.KitapKosesiTests;
				PRODUCT_NAME = "$(TARGET_NAME)";
				SWIFT_EMIT_LOC_STRINGS = NO;
				SWIFT_VERSION = 5.0;
				TARGETED_DEVICE_FAMILY = "1,2";
				TEST_HOST = "$(BUILT_PRODUCTS_DIR)/KitapKosesi.app/$(BUNDLE_EXECUTABLE_FOLDER_PATH)/KitapKosesi";
			};
			name = Release;
		};
		13D749AD2CF650600061EB18 /* Debug */ = {
			isa = XCBuildConfiguration;
			buildSettings = {
				CODE_SIGN_STYLE = Automatic;
				CURRENT_PROJECT_VERSION = 1;
				DEVELOPMENT_TEAM = 9Y73787R68;
				GENERATE_INFOPLIST_FILE = YES;
				MARKETING_VERSION = 1.0;
				PRODUCT_BUNDLE_IDENTIFIER = com.kadirgorgun.KitapKosesiUITests;
				PRODUCT_NAME = "$(TARGET_NAME)";
				SWIFT_EMIT_LOC_STRINGS = NO;
				SWIFT_VERSION = 5.0;
				TARGETED_DEVICE_FAMILY = "1,2";
				TEST_TARGET_NAME = KitapKosesi;
			};
			name = Debug;
		};
		13D749AE2CF650600061EB18 /* Release */ = {
			isa = XCBuildConfiguration;
			buildSettings = {
				CODE_SIGN_STYLE = Automatic;
				CURRENT_PROJECT_VERSION = 1;
				DEVELOPMENT_TEAM = 9Y73787R68;
				GENERATE_INFOPLIST_FILE = YES;
				MARKETING_VERSION = 1.0;
				PRODUCT_BUNDLE_IDENTIFIER = com.kadirgorgun.KitapKosesiUITests;
				PRODUCT_NAME = "$(TARGET_NAME)";
				SWIFT_EMIT_LOC_STRINGS = NO;
				SWIFT_VERSION = 5.0;
				TARGETED_DEVICE_FAMILY = "1,2";
				TEST_TARGET_NAME = KitapKosesi;
			};
			name = Release;
		};
		13E6C0AA2CE3DE4700D758F5 /* Debug */ = {
			isa = XCBuildConfiguration;
			buildSettings = {
				ASSETCATALOG_COMPILER_APPICON_NAME = AppIcon;
				ASSETCATALOG_COMPILER_GLOBAL_ACCENT_COLOR_NAME = AccentColor;
				CODE_SIGN_STYLE = Automatic;
				CURRENT_PROJECT_VERSION = 1;
				DEVELOPMENT_TEAM = 9Y73787R68;
				GENERATE_INFOPLIST_FILE = YES;
				INFOPLIST_FILE = KitapKosesi/Info.plist;
				INFOPLIST_KEY_UIApplicationSupportsIndirectInputEvents = YES;
				INFOPLIST_KEY_UILaunchStoryboardName = LaunchScreen;
				INFOPLIST_KEY_UISupportedInterfaceOrientations_iPad = "UIInterfaceOrientationPortrait UIInterfaceOrientationPortraitUpsideDown UIInterfaceOrientationLandscapeLeft UIInterfaceOrientationLandscapeRight";
				INFOPLIST_KEY_UISupportedInterfaceOrientations_iPhone = "UIInterfaceOrientationPortrait UIInterfaceOrientationLandscapeLeft UIInterfaceOrientationLandscapeRight";
				LD_RUNPATH_SEARCH_PATHS = (
					"$(inherited)",
					"@executable_path/Frameworks",
				);
				MARKETING_VERSION = 1.0;
				PRODUCT_BUNDLE_IDENTIFIER = com.kadirgorgun.KitapKosesi;
				PRODUCT_NAME = "$(TARGET_NAME)";
				SUPPORTED_PLATFORMS = "iphoneos iphonesimulator";
				SUPPORTS_MACCATALYST = NO;
				SUPPORTS_MAC_DESIGNED_FOR_IPHONE_IPAD = NO;
				SUPPORTS_XR_DESIGNED_FOR_IPHONE_IPAD = NO;
				SWIFT_EMIT_LOC_STRINGS = YES;
				SWIFT_VERSION = 5.0;
				TARGETED_DEVICE_FAMILY = "1,2";
			};
			name = Debug;
		};
		13E6C0AB2CE3DE4700D758F5 /* Release */ = {
			isa = XCBuildConfiguration;
			buildSettings = {
				ASSETCATALOG_COMPILER_APPICON_NAME = AppIcon;
				ASSETCATALOG_COMPILER_GLOBAL_ACCENT_COLOR_NAME = AccentColor;
				CODE_SIGN_STYLE = Automatic;
				CURRENT_PROJECT_VERSION = 1;
				DEVELOPMENT_TEAM = 9Y73787R68;
				GENERATE_INFOPLIST_FILE = YES;
				INFOPLIST_FILE = KitapKosesi/Info.plist;
				INFOPLIST_KEY_UIApplicationSupportsIndirectInputEvents = YES;
				INFOPLIST_KEY_UILaunchStoryboardName = LaunchScreen;
				INFOPLIST_KEY_UISupportedInterfaceOrientations_iPad = "UIInterfaceOrientationPortrait UIInterfaceOrientationPortraitUpsideDown UIInterfaceOrientationLandscapeLeft UIInterfaceOrientationLandscapeRight";
				INFOPLIST_KEY_UISupportedInterfaceOrientations_iPhone = "UIInterfaceOrientationPortrait UIInterfaceOrientationLandscapeLeft UIInterfaceOrientationLandscapeRight";
				LD_RUNPATH_SEARCH_PATHS = (
					"$(inherited)",
					"@executable_path/Frameworks",
				);
				MARKETING_VERSION = 1.0;
				PRODUCT_BUNDLE_IDENTIFIER = com.kadirgorgun.KitapKosesi;
				PRODUCT_NAME = "$(TARGET_NAME)";
				SUPPORTED_PLATFORMS = "iphoneos iphonesimulator";
				SUPPORTS_MACCATALYST = NO;
				SUPPORTS_MAC_DESIGNED_FOR_IPHONE_IPAD = NO;
				SUPPORTS_XR_DESIGNED_FOR_IPHONE_IPAD = NO;
				SWIFT_EMIT_LOC_STRINGS = YES;
				SWIFT_VERSION = 5.0;
				TARGETED_DEVICE_FAMILY = "1,2";
			};
			name = Release;
		};
		13E6C0AC2CE3DE4700D758F5 /* Debug */ = {
			isa = XCBuildConfiguration;
			buildSettings = {
				ALWAYS_SEARCH_USER_PATHS = NO;
				ASSETCATALOG_COMPILER_GENERATE_SWIFT_ASSET_SYMBOL_EXTENSIONS = YES;
				CLANG_ANALYZER_LOCALIZABILITY_NONLOCALIZED = YES;
				CLANG_ANALYZER_NONNULL = YES;
				CLANG_ANALYZER_NUMBER_OBJECT_CONVERSION = YES_AGGRESSIVE;
				CLANG_CXX_LANGUAGE_STANDARD = "gnu++20";
				CLANG_ENABLE_MODULES = YES;
				CLANG_ENABLE_OBJC_ARC = YES;
				CLANG_ENABLE_OBJC_WEAK = YES;
				CLANG_WARN_BLOCK_CAPTURE_AUTORELEASING = YES;
				CLANG_WARN_BOOL_CONVERSION = YES;
				CLANG_WARN_COMMA = YES;
				CLANG_WARN_CONSTANT_CONVERSION = YES;
				CLANG_WARN_DEPRECATED_OBJC_IMPLEMENTATIONS = YES;
				CLANG_WARN_DIRECT_OBJC_ISA_USAGE = YES_ERROR;
				CLANG_WARN_DOCUMENTATION_COMMENTS = YES;
				CLANG_WARN_EMPTY_BODY = YES;
				CLANG_WARN_ENUM_CONVERSION = YES;
				CLANG_WARN_INFINITE_RECURSION = YES;
				CLANG_WARN_INT_CONVERSION = YES;
				CLANG_WARN_NON_LITERAL_NULL_CONVERSION = YES;
				CLANG_WARN_OBJC_IMPLICIT_RETAIN_SELF = YES;
				CLANG_WARN_OBJC_LITERAL_CONVERSION = YES;
				CLANG_WARN_OBJC_ROOT_CLASS = YES_ERROR;
				CLANG_WARN_QUOTED_INCLUDE_IN_FRAMEWORK_HEADER = YES;
				CLANG_WARN_RANGE_LOOP_ANALYSIS = YES;
				CLANG_WARN_STRICT_PROTOTYPES = YES;
				CLANG_WARN_SUSPICIOUS_MOVE = YES;
				CLANG_WARN_UNGUARDED_AVAILABILITY = YES_AGGRESSIVE;
				CLANG_WARN_UNREACHABLE_CODE = YES;
				CLANG_WARN__DUPLICATE_METHOD_MATCH = YES;
				COPY_PHASE_STRIP = NO;
				DEBUG_INFORMATION_FORMAT = dwarf;
				ENABLE_STRICT_OBJC_MSGSEND = YES;
				ENABLE_TESTABILITY = YES;
				ENABLE_USER_SCRIPT_SANDBOXING = YES;
				GCC_C_LANGUAGE_STANDARD = gnu17;
				GCC_DYNAMIC_NO_PIC = NO;
				GCC_NO_COMMON_BLOCKS = YES;
				GCC_OPTIMIZATION_LEVEL = 0;
				GCC_PREPROCESSOR_DEFINITIONS = (
					"DEBUG=1",
					"$(inherited)",
				);
				GCC_WARN_64_TO_32_BIT_CONVERSION = YES;
				GCC_WARN_ABOUT_RETURN_TYPE = YES_ERROR;
				GCC_WARN_UNDECLARED_SELECTOR = YES;
				GCC_WARN_UNINITIALIZED_AUTOS = YES_AGGRESSIVE;
				GCC_WARN_UNUSED_FUNCTION = YES;
				GCC_WARN_UNUSED_VARIABLE = YES;
				IPHONEOS_DEPLOYMENT_TARGET = 18.0;
				LOCALIZATION_PREFERS_STRING_CATALOGS = YES;
				MTL_ENABLE_DEBUG_INFO = INCLUDE_SOURCE;
				MTL_FAST_MATH = YES;
				ONLY_ACTIVE_ARCH = YES;
				SDKROOT = iphoneos;
				SWIFT_ACTIVE_COMPILATION_CONDITIONS = "DEBUG $(inherited)";
				SWIFT_OPTIMIZATION_LEVEL = "-Onone";
			};
			name = Debug;
		};
		13E6C0AD2CE3DE4700D758F5 /* Release */ = {
			isa = XCBuildConfiguration;
			buildSettings = {
				ALWAYS_SEARCH_USER_PATHS = NO;
				ASSETCATALOG_COMPILER_GENERATE_SWIFT_ASSET_SYMBOL_EXTENSIONS = YES;
				CLANG_ANALYZER_LOCALIZABILITY_NONLOCALIZED = YES;
				CLANG_ANALYZER_NONNULL = YES;
				CLANG_ANALYZER_NUMBER_OBJECT_CONVERSION = YES_AGGRESSIVE;
				CLANG_CXX_LANGUAGE_STANDARD = "gnu++20";
				CLANG_ENABLE_MODULES = YES;
				CLANG_ENABLE_OBJC_ARC = YES;
				CLANG_ENABLE_OBJC_WEAK = YES;
				CLANG_WARN_BLOCK_CAPTURE_AUTORELEASING = YES;
				CLANG_WARN_BOOL_CONVERSION = YES;
				CLANG_WARN_COMMA = YES;
				CLANG_WARN_CONSTANT_CONVERSION = YES;
				CLANG_WARN_DEPRECATED_OBJC_IMPLEMENTATIONS = YES;
				CLANG_WARN_DIRECT_OBJC_ISA_USAGE = YES_ERROR;
				CLANG_WARN_DOCUMENTATION_COMMENTS = YES;
				CLANG_WARN_EMPTY_BODY = YES;
				CLANG_WARN_ENUM_CONVERSION = YES;
				CLANG_WARN_INFINITE_RECURSION = YES;
				CLANG_WARN_INT_CONVERSION = YES;
				CLANG_WARN_NON_LITERAL_NULL_CONVERSION = YES;
				CLANG_WARN_OBJC_IMPLICIT_RETAIN_SELF = YES;
				CLANG_WARN_OBJC_LITERAL_CONVERSION = YES;
				CLANG_WARN_OBJC_ROOT_CLASS = YES_ERROR;
				CLANG_WARN_QUOTED_INCLUDE_IN_FRAMEWORK_HEADER = YES;
				CLANG_WARN_RANGE_LOOP_ANALYSIS = YES;
				CLANG_WARN_STRICT_PROTOTYPES = YES;
				CLANG_WARN_SUSPICIOUS_MOVE = YES;
				CLANG_WARN_UNGUARDED_AVAILABILITY = YES_AGGRESSIVE;
				CLANG_WARN_UNREACHABLE_CODE = YES;
				CLANG_WARN__DUPLICATE_METHOD_MATCH = YES;
				COPY_PHASE_STRIP = NO;
				DEBUG_INFORMATION_FORMAT = "dwarf-with-dsym";
				ENABLE_NS_ASSERTIONS = NO;
				ENABLE_STRICT_OBJC_MSGSEND = YES;
				ENABLE_USER_SCRIPT_SANDBOXING = YES;
				GCC_C_LANGUAGE_STANDARD = gnu17;
				GCC_NO_COMMON_BLOCKS = YES;
				GCC_WARN_64_TO_32_BIT_CONVERSION = YES;
				GCC_WARN_ABOUT_RETURN_TYPE = YES_ERROR;
				GCC_WARN_UNDECLARED_SELECTOR = YES;
				GCC_WARN_UNINITIALIZED_AUTOS = YES_AGGRESSIVE;
				GCC_WARN_UNUSED_FUNCTION = YES;
				GCC_WARN_UNUSED_VARIABLE = YES;
				IPHONEOS_DEPLOYMENT_TARGET = 18.0;
				LOCALIZATION_PREFERS_STRING_CATALOGS = YES;
				MTL_ENABLE_DEBUG_INFO = NO;
				MTL_FAST_MATH = YES;
				SDKROOT = iphoneos;
				SWIFT_COMPILATION_MODE = wholemodule;
				VALIDATE_PRODUCT = YES;
			};
			name = Release;
		};
/* End XCBuildConfiguration section */

/* Begin XCConfigurationList section */
		13D7499F2CF6503B0061EB18 /* Build configuration list for PBXNativeTarget "KitapKosesiTests" */ = {
			isa = XCConfigurationList;
			buildConfigurations = (
				13D7499D2CF6503B0061EB18 /* Debug */,
				13D7499E2CF6503B0061EB18 /* Release */,
			);
			defaultConfigurationIsVisible = 0;
			defaultConfigurationName = Release;
		};
		13D749AC2CF650600061EB18 /* Build configuration list for PBXNativeTarget "KitapKosesiUITests" */ = {
			isa = XCConfigurationList;
			buildConfigurations = (
				13D749AD2CF650600061EB18 /* Debug */,
				13D749AE2CF650600061EB18 /* Release */,
			);
			defaultConfigurationIsVisible = 0;
			defaultConfigurationName = Release;
		};
		13E6C08E2CE3DE4500D758F5 /* Build configuration list for PBXProject "KitapKosesi" */ = {
			isa = XCConfigurationList;
			buildConfigurations = (
				13E6C0AC2CE3DE4700D758F5 /* Debug */,
				13E6C0AD2CE3DE4700D758F5 /* Release */,
			);
			defaultConfigurationIsVisible = 0;
			defaultConfigurationName = Release;
		};
		13E6C0A92CE3DE4700D758F5 /* Build configuration list for PBXNativeTarget "KitapKosesi" */ = {
			isa = XCConfigurationList;
			buildConfigurations = (
				13E6C0AA2CE3DE4700D758F5 /* Debug */,
				13E6C0AB2CE3DE4700D758F5 /* Release */,
			);
			defaultConfigurationIsVisible = 0;
			defaultConfigurationName = Release;
		};
/* End XCConfigurationList section */

/* Begin XCRemoteSwiftPackageReference section */
		134E4AE42CEA0EC10001D32B /* XCRemoteSwiftPackageReference "RxSwift" */ = {
			isa = XCRemoteSwiftPackageReference;
			repositoryURL = "https://github.com/ReactiveX/RxSwift.git";
			requirement = {
				kind = upToNextMajorVersion;
				minimumVersion = 6.8.0;
			};
		};
		13DA9D362CE8DD48002FB65F /* XCRemoteSwiftPackageReference "SDWebImage" */ = {
			isa = XCRemoteSwiftPackageReference;
			repositoryURL = "https://github.com/SDWebImage/SDWebImage.git";
			requirement = {
				kind = upToNextMajorVersion;
				minimumVersion = 5.20.0;
			};
		};
/* End XCRemoteSwiftPackageReference section */

/* Begin XCSwiftPackageProductDependency section */
		134E4AE52CEA0EC10001D32B /* RxCocoa */ = {
			isa = XCSwiftPackageProductDependency;
			package = 134E4AE42CEA0EC10001D32B /* XCRemoteSwiftPackageReference "RxSwift" */;
			productName = RxCocoa;
		};
		134E4AE72CEA0EC10001D32B /* RxSwift */ = {
			isa = XCSwiftPackageProductDependency;
			package = 134E4AE42CEA0EC10001D32B /* XCRemoteSwiftPackageReference "RxSwift" */;
			productName = RxSwift;
		};
		13DA9D372CE8DD48002FB65F /* SDWebImage */ = {
			isa = XCSwiftPackageProductDependency;
			package = 13DA9D362CE8DD48002FB65F /* XCRemoteSwiftPackageReference "SDWebImage" */;
			productName = SDWebImage;
		};
/* End XCSwiftPackageProductDependency section */
	};
	rootObject = 13E6C08B2CE3DE4500D758F5 /* Project object */;
}
